
Microsoft Visual Studio Solution File, Format Version 12.00
# Visual Studio Version 16
VisualStudioVersion = 16.0.31112.23
MinimumVisualStudioVersion = 10.0.40219.1
Project("{FAE04EC0-301F-11D3-BF4B-00C04F79EFBC}") = "LoginForm", "LoginForm.csproj", "{727969C4-5F53-4BD9-BF23-D878456C9F12}"
EndProject
Global
	GlobalSection(SolutionConfigurationPlatforms) = preSolution
		Debug|Any CPU = Debug|Any CPU
		Release|Any CPU = Release|Any CPU
	EndGlobalSection
	GlobalSection(ProjectConfigurationPlatforms) = postSolution
		{727969C4-5F53-4BD9-BF23-D878456C9F12}.Debug|Any CPU.ActiveCfg = Debug|Any CPU
		{727969C4-5F53-4BD9-BF23-D878456C9F12}.Debug|Any CPU.Build.0 = Debug|Any CPU
		{727969C4-5F53-4BD9-BF23-D878456C9F12}.Release|Any CPU.ActiveCfg = Release|Any CPU
		{727969C4-5F53-4BD9-BF23-D878456C9F12}.Release|Any CPU.Build.0 = Release|Any CPU
	EndGlobalSection
	GlobalSection(SolutionProperties) = preSolution
		HideSolutionNode = FALSE
	EndGlobalSection
	GlobalSection(ExtensibilityGlobals) = postSolution
		SolutionGuid = {F04BBD4F-0AA6-49F3-B16D-C146B916A8EE}
	EndGlobalSection
EndGlobal
